
Microsoft Visual Studio Solution File, Format Version 12.00
# Visual Studio Version 17
VisualStudioVersion = 17.14.36705.20 d17.14
MinimumVisualStudioVersion = 10.0.40219.1
Project("{FAE04EC0-301F-11D3-BF4B-00C04F79EFBC}") = "HireEgypt.API", "HireEgypt.API.csproj", "{15B61B95-ECAA-4319-99E4-331ECA9AC9EA}"
EndProject
Project("{FAE04EC0-301F-11D3-BF4B-00C04F79EFBC}") = "HireEgypt.Application", "..\HireEgypt.Application\HireEgypt.Application.csproj", "{24E10D29-ECC2-4E86-AA71-22ECC5DB111D}"
EndProject
Project("{FAE04EC0-301F-11D3-BF4B-00C04F79EFBC}") = "HireEgypt.Infrastructure", "..\HireEgypt.Infrustructure\HireEgypt.Infrastructure.csproj", "{0014A707-DD91-49D5-84B1-2B93F79C407F}"
EndProject
Project("{FAE04EC0-301F-11D3-BF4B-00C04F79EFBC}") = "HireEgypt.Domain", "..\HireEgypt.Domain\HireEgypt.Domain.csproj", "{45DEAF69-1297-4861-BD37-F0FA89CE6D42}"
EndProject
Global
	GlobalSection(SolutionConfigurationPlatforms) = preSolution
		Debug|Any CPU = Debug|Any CPU
		Release|Any CPU = Release|Any CPU
	EndGlobalSection
	GlobalSection(ProjectConfigurationPlatforms) = postSolution
		{15B61B95-ECAA-4319-99E4-331ECA9AC9EA}.Debug|Any CPU.ActiveCfg = Debug|Any CPU
		{15B61B95-ECAA-4319-99E4-331ECA9AC9EA}.Debug|Any CPU.Build.0 = Debug|Any CPU
		{15B61B95-ECAA-4319-99E4-331ECA9AC9EA}.Release|Any CPU.ActiveCfg = Release|Any CPU
		{15B61B95-ECAA-4319-99E4-331ECA9AC9EA}.Release|Any CPU.Build.0 = Release|Any CPU
		{24E10D29-ECC2-4E86-AA71-22ECC5DB111D}.Debug|Any CPU.ActiveCfg = Debug|Any CPU
		{24E10D29-ECC2-4E86-AA71-22ECC5DB111D}.Debug|Any CPU.Build.0 = Debug|Any CPU
		{24E10D29-ECC2-4E86-AA71-22ECC5DB111D}.Release|Any CPU.ActiveCfg = Release|Any CPU
		{24E10D29-ECC2-4E86-AA71-22ECC5DB111D}.Release|Any CPU.Build.0 = Release|Any CPU
		{0014A707-DD91-49D5-84B1-2B93F79C407F}.Debug|Any CPU.ActiveCfg = Debug|Any CPU
		{0014A707-DD91-49D5-84B1-2B93F79C407F}.Debug|Any CPU.Build.0 = Debug|Any CPU
		{0014A707-DD91-49D5-84B1-2B93F79C407F}.Release|Any CPU.ActiveCfg = Release|Any CPU
		{0014A707-DD91-49D5-84B1-2B93F79C407F}.Release|Any CPU.Build.0 = Release|Any CPU
		{45DEAF69-1297-4861-BD37-F0FA89CE6D42}.Debug|Any CPU.ActiveCfg = Debug|Any CPU
		{45DEAF69-1297-4861-BD37-F0FA89CE6D42}.Debug|Any CPU.Build.0 = Debug|Any CPU
		{45DEAF69-1297-4861-BD37-F0FA89CE6D42}.Release|Any CPU.ActiveCfg = Release|Any CPU
		{45DEAF69-1297-4861-BD37-F0FA89CE6D42}.Release|Any CPU.Build.0 = Release|Any CPU
	EndGlobalSection
	GlobalSection(SolutionProperties) = preSolution
		HideSolutionNode = FALSE
	EndGlobalSection
	GlobalSection(ExtensibilityGlobals) = postSolution
		SolutionGuid = {6773CAC1-4589-4246-9884-AACF311DF393}
	EndGlobalSection
EndGlobal
